{
    "_readme": [
        "This file locks the dependencies of your project to a known state",
        "Read more about it at https://getcomposer.org/doc/01-basic-usage.md#composer-lock-the-lock-file",
        "This file is @generated automatically"
    ],
    "hash": "40f4b99a0bb8cc0b8af71f2510f478d4",
    "packages": [
        {
            "name": "artpolikarpov/fotorama",
            "version": "4.6.4",
            "dist": {
                "type": "zip",
                "url": "https://github.com/artpolikarpov/fotorama/archive/4.6.4.zip",
                "reference": null,
                "shasum": null
            },
            "type": "component",
            "extra": {
                "component": {
                    "scripts": [
                        "src/js/fotorama.js"
                    ],
                    "files": [
                        "src/i/*.png",
                        "src/scss/*.scss"
                    ]
                }
            }
        },
        {
            "name": "ckeditor/ckeditor",
            "version": "4.5.4",
            "source": {
                "type": "git",
                "url": "https://github.com/ckeditor/ckeditor-releases.git",
                "reference": "a84a972a367bc6c59bafb3e5fd503ec317d47daa"
            },
            "dist": {
                "type": "zip",
                "url": "https://api.github.com/repos/ckeditor/ckeditor-releases/zipball/a84a972a367bc6c59bafb3e5fd503ec317d47daa",
                "reference": "a84a972a367bc6c59bafb3e5fd503ec317d47daa",
                "shasum": ""
            },
            "type": "library",
            "notification-url": "https://packagist.org/downloads/",
            "license": [
                "GPL-2.0+",
                "LGPL-2.1+",
                "MPL-1.1+"
            ],
            "authors": [
                {
                    "name": "CKSource",
                    "homepage": "http://cksource.com"
                }
            ],
            "description": "JavaScript WYSIWYG web text editor.",
            "homepage": "http://ckeditor.com",
            "keywords": [
                "CKEditor",
                "editor",
                "fckeditor",
                "html",
                "javascript",
                "richtext",
                "text",
                "wysiwyg"
            ],
            "time": "2015-10-06 13:02:19"
        },
        {
            "name": "components/font-awesome",
            "version": "dev-master",
            "source": {
                "type": "git",
                "url": "https://github.com/components/font-awesome.git",
                "reference": "7dffacc72e566e5db6272244effc06f64fe9f185"
            },
            "dist": {
                "type": "zip",
                "url": "https://api.github.com/repos/components/font-awesome/zipball/7dffacc72e566e5db6272244effc06f64fe9f185",
                "reference": "7dffacc72e566e5db6272244effc06f64fe9f185",
                "shasum": ""
            },
            "type": "component",
            "extra": {
                "branch-alias": {
                    "dev-master": "4.4.x-dev"
                },
                "component": {
                    "styles": [
                        "css/font-awesome.css"
                    ],
                    "files": [
                        "css/font-awesome.min.css",
                        "fonts/*"
                    ]
                }
            },
            "notification-url": "https://packagist.org/downloads/",
            "license": [
                "MIT",
                "OFL-1.1"
            ],
            "description": "The iconic font designed for use with Twitter Bootstrap.",
            "time": "2015-07-30 02:38:45"
        },
        {
            "name": "components/jquery",
            "version": "1.11.3",
            "source": {
                "type": "git",
                "url": "https://github.com/components/jquery.git",
                "reference": "e7c492908a9746439e20b19a671c5001e8832732"
            },
            "dist": {
                "type": "zip",
                "url": "https://api.github.com/repos/components/jquery/zipball/e7c492908a9746439e20b19a671c5001e8832732",
                "reference": "e7c492908a9746439e20b19a671c5001e8832732",
                "shasum": ""
            },
            "type": "component",
            "extra": {
                "component": {
                    "scripts": [
                        "jquery.js"
                    ],
                    "files": [
                        "jquery.min.js",
                        "jquery-migrate.js",
                        "jquery-migrate.min.js",
                        "jquery.min.map"
                    ]
                }
            },
            "notification-url": "https://packagist.org/downloads/",
            "license": [
                "MIT"
            ],
            "authors": [
                {
                    "name": "John Resig",
                    "email": "jeresig@gmail.com"
                }
            ],
            "description": "jQuery JavaScript Library",
            "homepage": "http://jquery.com",
            "time": "2015-06-08 13:35:17"
        },
        {
            "name": "components/masonry",
            "version": "3.2.2",
            "source": {
                "type": "git",
                "url": "https://github.com/components/masonry.git",
                "reference": "a58a01c134823f797636b92e9dde41ccd7f76929"
            },
            "dist": {
                "type": "zip",
                "url": "https://api.github.com/repos/components/masonry/zipball/a58a01c134823f797636b92e9dde41ccd7f76929",
                "reference": "a58a01c134823f797636b92e9dde41ccd7f76929",
                "shasum": ""
            },
            "type": "component",
            "extra": {
                "component": {
                    "main": "masonry.pkgd.js",
                    "scripts": [
                        "masonry.pkgd.js"
                    ],
                    "files": [
                        "masonry.pkgd.min.js"
                    ],
                    "shim": {
                        "exports": "Masonry"
                    }
                }
            },
            "notification-url": "https://packagist.org/downloads/",
            "license": [
                "MIT"
            ],
            "authors": [
                {
                    "name": "David DeSandro",
                    "homepage": "http://desandro.com"
                }
            ],
            "description": "Cascading grid layout library",
            "homepage": "http://masonry.desandro.com",
            "time": "2015-02-11 14:35:33"
        },
        {
            "name": "components/modernizr",
            "version": "2.8.3",
            "source": {
                "type": "git",
                "url": "https://github.com/components/modernizr.git",
                "reference": "4115686a0f488b370b169e5a702d5028e7650bd3"
            },
            "dist": {
                "type": "zip",
                "url": "https://api.github.com/repos/components/modernizr/zipball/4115686a0f488b370b169e5a702d5028e7650bd3",
                "reference": "4115686a0f488b370b169e5a702d5028e7650bd3",
                "shasum": ""
            },
            "require": {
                "robloach/component-installer": "*"
            },
            "type": "component",
            "extra": {
                "component": {
                    "scripts": [
                        "modernizr.js"
                    ],
                    "shim": {
                        "exports": "window.Modernizr"
                    }
                }
            },
            "notification-url": "https://packagist.org/downloads/",
            "license": [
                "MIT"
            ],
            "authors": [
                {
                    "name": "Modernizr",
                    "homepage": "http://modernizr.com"
                },
                {
                    "name": "Faruk Ates"
                },
                {
                    "name": "Paul Irish"
                },
                {
                    "name": "Alex Sexton"
                },
                {
                    "name": "Ryan Seddon"
                },
                {
                    "name": "Alexander Farkas"
                },
                {
                    "name": "Ben Alman"
                },
                {
                    "name": "Stu Cox"
                }
            ],
            "description": "Modernizr is a JavaScript library that detects HTML5 and CSS3 features in the user's browser.",
            "homepage": "http://modernizr.com",
            "keywords": [
                "CSS3",
                "HTML5",
                "browser",
                "feature detection"
            ],
            "time": "2014-10-08 13:59:52"
        },
        {
            "name": "composer/installers",
            "version": "dev-master",
            "source": {
                "type": "git",
                "url": "https://github.com/composer/installers.git",
                "reference": "e420b539e8d7b38b7c6f3f99dccc0386bd3dfe41"
            },
            "dist": {
                "type": "zip",
                "url": "https://api.github.com/repos/composer/installers/zipball/e420b539e8d7b38b7c6f3f99dccc0386bd3dfe41",
                "reference": "e420b539e8d7b38b7c6f3f99dccc0386bd3dfe41",
                "shasum": ""
            },
            "replace": {
                "roundcube/plugin-installer": "*",
                "shama/baton": "*"
            },
            "require-dev": {
                "composer/composer": "1.0.*@dev",
                "phpunit/phpunit": "4.1.*"
            },
            "type": "composer-installer",
            "extra": {
                "class": "Composer\\Installers\\Installer",
                "branch-alias": {
                    "dev-master": "1.0-dev"
                }
            },
            "autoload": {
                "psr-0": {
                    "Composer\\Installers\\": "src/"
                }
            },
            "notification-url": "https://packagist.org/downloads/",
            "license": [
                "MIT"
            ],
            "authors": [
                {
                    "name": "Kyle Robinson Young",
                    "email": "kyle@dontkry.com",
                    "homepage": "https://github.com/shama"
                }
            ],
            "description": "A multi-framework Composer library installer",
            "homepage": "http://composer.github.com/installers/",
            "keywords": [
                "Craft",
                "Dolibarr",
                "Hurad",
                "MODX Evo",
                "OXID",
                "SMF",
                "Thelia",
                "WolfCMS",
                "agl",
                "aimeos",
                "annotatecms",
                "bitrix",
                "cakephp",
                "chef",
                "codeigniter",
                "concrete5",
                "croogo",
                "dokuwiki",
                "drupal",
                "elgg",
                "fuelphp",
                "grav",
                "installer",
                "joomla",
                "kohana",
                "laravel",
                "lithium",
                "magento",
                "mako",
                "mediawiki",
                "modulework",
                "moodle",
                "phpbb",
                "piwik",
                "ppi",
                "puppet",
                "roundcube",
                "shopware",
                "silverstripe",
                "symfony",
                "typo3",
                "wordpress",
                "zend",
                "zikula"
            ],
            "time": "2015-06-13 15:30:38"
        },
        {
            "name": "ivaynberg/select2",
            "version": "3.5.2",
            "source": {
                "type": "git",
                "url": "https://github.com/select2/select2.git",
                "reference": "6633cda9061d9fc65075dd140c63f9a6adbcbd72"
            },
            "dist": {
                "type": "zip",
                "url": "https://api.github.com/repos/select2/select2/zipball/6633cda9061d9fc65075dd140c63f9a6adbcbd72",
                "reference": "6633cda9061d9fc65075dd140c63f9a6adbcbd72",
                "shasum": ""
            },
            "require": {
                "components/jquery": ">=1.7.1",
                "robloach/component-installer": "*"
            },
            "type": "component",
            "extra": {
                "component": {
                    "scripts": [
                        "select2.js"
                    ],
                    "files": [
                        "select2.js",
                        "select2_locale_*.js",
                        "select2.css",
                        "select2-bootstrap.css",
                        "select2-spinner.gif",
                        "select2.png",
                        "select2x2.png"
                    ]
                }
            },
            "notification-url": "https://packagist.org/downloads/",
            "license": [
                "Apache-2.0"
            ],
            "description": "Select2 is a jQuery based replacement for select boxes.",
            "homepage": "http://ivaynberg.github.io/select2/",
            "time": "2014-11-01 18:43:44"
        },
        {
            "name": "kriswallsmith/assetic",
            "version": "dev-master",
            "source": {
                "type": "git",
                "url": "https://github.com/kriswallsmith/assetic.git",
                "reference": "cb92b179dddfb8a3f341d53bd27e088f24d9c2e5"
            },
            "dist": {
                "type": "zip",
                "url": "https://api.github.com/repos/kriswallsmith/assetic/zipball/cb92b179dddfb8a3f341d53bd27e088f24d9c2e5",
                "reference": "cb92b179dddfb8a3f341d53bd27e088f24d9c2e5",
                "shasum": ""
            },
            "require": {
                "php": ">=5.3.1",
                "symfony/process": "~2.1"
            },
            "conflict": {
                "twig/twig": "<1.12"
            },
            "require-dev": {
                "cssmin/cssmin": "*",
                "joliclic/javascript-packer": "*",
                "kamicane/packager": "*",
                "leafo/lessphp": "^0.3.7",
                "leafo/scssphp": "*@dev",
                "leafo/scssphp-compass": "*@dev",
                "mrclay/minify": "*",
                "patchwork/jsqueeze": "~1.0|~2.0",
                "phpunit/phpunit": "~4.8",
                "psr/log": "~1.0",
                "ptachoire/cssembed": "*",
                "symfony/phpunit-bridge": "~2.7",
                "twig/twig": "~1.8|~2.0"
            },
            "suggest": {
                "leafo/lessphp": "Assetic provides the integration with the lessphp LESS compiler",
                "leafo/scssphp": "Assetic provides the integration with the scssphp SCSS compiler",
                "leafo/scssphp-compass": "Assetic provides the integration with the SCSS compass plugin",
                "patchwork/jsqueeze": "Assetic provides the integration with the JSqueeze JavaScript compressor",
                "ptachoire/cssembed": "Assetic provides the integration with phpcssembed to embed data uris",
                "twig/twig": "Assetic provides the integration with the Twig templating engine"
            },
            "type": "library",
            "extra": {
                "branch-alias": {
                    "dev-master": "1.4-dev"
                }
            },
            "autoload": {
                "psr-0": {
                    "Assetic": "src/"
                },
                "files": [
                    "src/functions.php"
                ]
            },
            "notification-url": "https://packagist.org/downloads/",
            "license": [
                "MIT"
            ],
            "authors": [
                {
                    "name": "Kris Wallsmith",
                    "email": "kris.wallsmith@gmail.com",
                    "homepage": "http://kriswallsmith.net/"
                }
            ],
            "description": "Asset Management for PHP",
            "homepage": "https://github.com/kriswallsmith/assetic",
            "keywords": [
                "assets",
                "compression",
                "minification"
            ],
            "time": "2015-10-15 01:33:42"
        },
        {
            "name": "leafo/scssphp",
            "version": "dev-master",
            "source": {
                "type": "git",
                "url": "https://github.com/leafo/scssphp.git",
                "reference": "6252bedccc3d1c46e4b7075d3512ec4eaa2a9fc0"
            },
            "dist": {
                "type": "zip",
                "url": "https://api.github.com/repos/leafo/scssphp/zipball/6252bedccc3d1c46e4b7075d3512ec4eaa2a9fc0",
                "reference": "6252bedccc3d1c46e4b7075d3512ec4eaa2a9fc0",
                "shasum": ""
            },
            "require": {
                "php": ">=5.3.0"
            },
            "require-dev": {
                "kherge/box": "~2.5",
                "phpunit/phpunit": "~3.7",
                "squizlabs/php_codesniffer": "~2.3"
            },
            "bin": [
                "bin/pscss"
            ],
            "type": "library",
            "autoload": {
                "classmap": [
                    "classmap.php"
                ],
                "psr-4": {
                    "Leafo\\ScssPhp\\": "src/"
                }
            },
            "notification-url": "https://packagist.org/downloads/",
            "license": [
                "MIT"
            ],
            "authors": [
                {
                    "name": "Leaf Corcoran",
                    "email": "leafot@gmail.com",
                    "homepage": "http://leafo.net"
                }
            ],
            "description": "scssphp is a compiler for SCSS written in PHP.",
            "homepage": "http://leafo.github.io/scssphp/",
            "keywords": [
                "css",
                "less",
                "sass",
                "scss",
                "stylesheet"
            ],
            "time": "2015-10-16 22:14:52"
        },
        {
            "name": "lodash/lodash",
            "version": "3.10.1",
            "dist": {
                "type": "zip",
                "url": "https://github.com/lodash/lodash/archive/3.10.1.zip",
                "reference": null,
                "shasum": null
            },
            "type": "component",
            "extra": {
                "component": {
                    "scripts": [
                        "lodash.js",
                        "lodash.min.js"
                    ]
                }
            }
        },
        {
            "name": "postaljs/postal.js",
            "version": "1.0.7",
            "dist": {
                "type": "zip",
                "url": "https://github.com/postaljs/postal.js/archive/v1.0.7.zip",
                "reference": null,
                "shasum": null
            },
            "require": {
                "lodash/lodash": "3.10.1"
            },
            "type": "component",
            "extra": {
                "component": {
                    "scripts": [
                        "lib/postal.min.js",
                        "lib/postal.js"
                    ]
                }
            }
        },
        {
            "name": "robloach/component-installer",
            "version": "dev-master",
            "source": {
                "type": "git",
                "url": "https://github.com/RobLoach/component-installer.git",
                "reference": "0b4307800d17bcc4160bbf93803fbf2bc034b074"
            },
            "dist": {
                "type": "zip",
                "url": "https://api.github.com/repos/RobLoach/component-installer/zipball/0b4307800d17bcc4160bbf93803fbf2bc034b074",
                "reference": "0b4307800d17bcc4160bbf93803fbf2bc034b074",
                "shasum": ""
            },
            "require": {
                "composer-plugin-api": "^1.0",
                "kriswallsmith/assetic": "1.*",
                "php": ">=5.3.2"
            },
            "require-dev": {
                "composer/composer": "1.*@alpha",
                "phpunit/phpunit": "4.*"
            },
            "type": "composer-plugin",
            "extra": {
                "branch-alias": {
                    "dev-master": "1.0.x-dev"
                },
                "class": "ComponentInstaller\\ComponentInstallerPlugin"
            },
            "autoload": {
                "psr-0": {
                    "ComponentInstaller": "src/"
                }
            },
            "notification-url": "https://packagist.org/downloads/",
            "license": [
                "MIT"
            ],
            "authors": [
                {
                    "name": "Rob Loach",
                    "homepage": "http://robloach.net"
                }
            ],
            "description": "Allows installation of Components via Composer.",
            "time": "2015-09-09 19:12:42"
        },
        {
            "name": "symfony/process",
            "version": "2.8.x-dev",
            "source": {
                "type": "git",
                "url": "https://github.com/symfony/process.git",
                "reference": "82fb0fce303439d147a20a7426326876407a41de"
            },
            "dist": {
                "type": "zip",
                "url": "https://api.github.com/repos/symfony/process/zipball/82fb0fce303439d147a20a7426326876407a41de",
                "reference": "82fb0fce303439d147a20a7426326876407a41de",
                "shasum": ""
            },
            "require": {
                "php": ">=5.3.9"
            },
            "type": "library",
            "extra": {
                "branch-alias": {
                    "dev-master": "2.8-dev"
                }
            },
            "autoload": {
                "psr-4": {
                    "Symfony\\Component\\Process\\": ""
                }
            },
            "notification-url": "https://packagist.org/downloads/",
            "license": [
                "MIT"
            ],
            "authors": [
                {
                    "name": "Fabien Potencier",
                    "email": "fabien@symfony.com"
                },
                {
                    "name": "Symfony Community",
                    "homepage": "https://symfony.com/contributors"
                }
            ],
            "description": "Symfony Process Component",
            "homepage": "https://symfony.com",
            "time": "2015-10-18 20:23:24"
        },
        {
            "name": "webcreate/jquery-ias",
            "version": "v2.2.1",
            "source": {
                "type": "git",
                "url": "https://github.com/webcreate/infinite-ajax-scroll.git",
                "reference": "7380f74fca64180a4c5da18d01065a8aef0494b7"
            },
            "dist": {
                "type": "zip",
                "url": "https://api.github.com/repos/webcreate/infinite-ajax-scroll/zipball/7380f74fca64180a4c5da18d01065a8aef0494b7",
                "reference": "7380f74fca64180a4c5da18d01065a8aef0494b7",
                "shasum": ""
            },
            "type": "library",
            "notification-url": "https://packagist.org/downloads/",
            "license": [
                "proprietary",
                "MIT"
            ],
            "authors": [
                {
                    "name": "fieg",
                    "email": "jeroen@fieg.nl",
                    "homepage": "http://webcreate.nl"
                }
            ],
            "description": "Infinite AJAX Scroll: A jQuery plugin that turns your server-side pagination into an infinite scrolling one using AJAX",
            "homepage": "http://infiniteajaxscroll.com",
            "keywords": [
                "ajax",
                "ias",
                "infinite",
                "jquery",
                "pagination",
                "scroll",
                "scrolling"
            ],
            "time": "2015-05-08 14:58:16"
        }
    ],
    "packages-dev": [],
    "aliases": [],
    "minimum-stability": "dev",
    "stability-flags": [],
    "prefer-stable": false,
    "prefer-lowest": false,
    "platform": {
        "php": ">=5.3.2"
    },
    "platform-dev": []
}
